
Microsoft Visual Studio Solution File, Format Version 12.00
# Visual Studio Version 16
VisualStudioVersion = 16.0.29509.3
MinimumVisualStudioVersion = 10.0.40219.1
Project("{2150E333-8FDC-42A3-9474-1A3956D46DE8}") = "Solution Items", "Solution Items", "{91D79381-544B-4DC7-9238-32CF135038DC}"
EndProject
Project("{FAE04EC0-301F-11D3-BF4B-00C04F79EFBC}") = "Interview", "Interview\Interview.csproj", "{9154FD94-5EAB-471C-8D7D-BD11EE604D60}"
EndProject
Project("{FAE04EC0-301F-11D3-BF4B-00C04F79EFBC}") = "Tests.InMemoryRepository", "Tests.InMemoryRepository\Tests.InMemoryRepository.csproj", "{98EDEBD1-2ED1-4D41-AE00-AFF3971702FB}"
EndProject
Global
	GlobalSection(SolutionConfigurationPlatforms) = preSolution
		Debug|Any CPU = Debug|Any CPU
		Release|Any CPU = Release|Any CPU
	EndGlobalSection
	GlobalSection(ProjectConfigurationPlatforms) = postSolution
		{9154FD94-5EAB-471C-8D7D-BD11EE604D60}.Debug|Any CPU.ActiveCfg = Debug|Any CPU
		{9154FD94-5EAB-471C-8D7D-BD11EE604D60}.Debug|Any CPU.Build.0 = Debug|Any CPU
		{9154FD94-5EAB-471C-8D7D-BD11EE604D60}.Release|Any CPU.ActiveCfg = Release|Any CPU
		{9154FD94-5EAB-471C-8D7D-BD11EE604D60}.Release|Any CPU.Build.0 = Release|Any CPU
		{98EDEBD1-2ED1-4D41-AE00-AFF3971702FB}.Debug|Any CPU.ActiveCfg = Debug|Any CPU
		{98EDEBD1-2ED1-4D41-AE00-AFF3971702FB}.Debug|Any CPU.Build.0 = Debug|Any CPU
		{98EDEBD1-2ED1-4D41-AE00-AFF3971702FB}.Release|Any CPU.ActiveCfg = Release|Any CPU
		{98EDEBD1-2ED1-4D41-AE00-AFF3971702FB}.Release|Any CPU.Build.0 = Release|Any CPU
	EndGlobalSection
	GlobalSection(SolutionProperties) = preSolution
		HideSolutionNode = FALSE
	EndGlobalSection
	GlobalSection(ExtensibilityGlobals) = postSolution
		SolutionGuid = {8E929E9D-B240-4366-9DA0-46C78AEFD1DE}
	EndGlobalSection
	GlobalSection(TestCaseManagementSettings) = postSolution
		CategoryFile = Interview.vsmdi
	EndGlobalSection
EndGlobal
